
Microsoft Visual Studio Solution File, Format Version 12.00
# Visual Studio 15
VisualStudioVersion = 15.0.27004.2005
MinimumVisualStudioVersion = 10.0.40219.1
Project("{FAE04EC0-301F-11D3-BF4B-00C04F79EFBC}") = "Xm.Atividade1.Android", "Xm.Atividade1\Xm.Atividade1.Android\Xm.Atividade1.Android.csproj", "{1F37F514-F513-4C9E-9EFE-B99BAF6FE8F9}"
EndProject
Project("{FAE04EC0-301F-11D3-BF4B-00C04F79EFBC}") = "Xm.Atividade1", "Xm.Atividade1\Xm.Atividade1\Xm.Atividade1.csproj", "{7B116593-5362-4F28-BDE3-76390823C181}"
EndProject
Project("{FAE04EC0-301F-11D3-BF4B-00C04F79EFBC}") = "Xm.Atividade1.UWP", "Xm.Atividade1\Xm.Atividade1.UWP\Xm.Atividade1.UWP.csproj", "{27BE61AB-7E5F-484B-B567-733F32D1FFF3}"
EndProject
Project("{FAE04EC0-301F-11D3-BF4B-00C04F79EFBC}") = "Xm.Atividade1.iOS", "Xm.Atividade1\Xm.Atividade1.iOS\Xm.Atividade1.iOS.csproj", "{4E70760F-3A48-47F8-8CE8-2F61B66901DE}"
EndProject
Global
	GlobalSection(SolutionConfigurationPlatforms) = preSolution
		Ad-Hoc|Any CPU = Ad-Hoc|Any CPU
		Ad-Hoc|ARM = Ad-Hoc|ARM
		Ad-Hoc|iPhone = Ad-Hoc|iPhone
		Ad-Hoc|iPhoneSimulator = Ad-Hoc|iPhoneSimulator
		Ad-Hoc|x64 = Ad-Hoc|x64
		Ad-Hoc|x86 = Ad-Hoc|x86
		AppStore|Any CPU = AppStore|Any CPU
		AppStore|ARM = AppStore|ARM
		AppStore|iPhone = AppStore|iPhone
		AppStore|iPhoneSimulator = AppStore|iPhoneSimulator
		AppStore|x64 = AppStore|x64
		AppStore|x86 = AppStore|x86
		Debug|Any CPU = Debug|Any CPU
		Debug|ARM = Debug|ARM
		Debug|iPhone = Debug|iPhone
		Debug|iPhoneSimulator = Debug|iPhoneSimulator
		Debug|x64 = Debug|x64
		Debug|x86 = Debug|x86
		Release|Any CPU = Release|Any CPU
		Release|ARM = Release|ARM
		Release|iPhone = Release|iPhone
		Release|iPhoneSimulator = Release|iPhoneSimulator
		Release|x64 = Release|x64
		Release|x86 = Release|x86
	EndGlobalSection
	GlobalSection(ProjectConfigurationPlatforms) = postSolution
		{1F37F514-F513-4C9E-9EFE-B99BAF6FE8F9}.Ad-Hoc|Any CPU.ActiveCfg = Release|Any CPU
		{1F37F514-F513-4C9E-9EFE-B99BAF6FE8F9}.Ad-Hoc|Any CPU.Build.0 = Release|Any CPU
		{1F37F514-F513-4C9E-9EFE-B99BAF6FE8F9}.Ad-Hoc|Any CPU.Deploy.0 = Release|Any CPU
		{1F37F514-F513-4C9E-9EFE-B99BAF6FE8F9}.Ad-Hoc|ARM.ActiveCfg = Release|Any CPU
		{1F37F514-F513-4C9E-9EFE-B99BAF6FE8F9}.Ad-Hoc|ARM.Build.0 = Release|Any CPU
		{1F37F514-F513-4C9E-9EFE-B99BAF6FE8F9}.Ad-Hoc|ARM.Deploy.0 = Release|Any CPU
		{1F37F514-F513-4C9E-9EFE-B99BAF6FE8F9}.Ad-Hoc|iPhone.ActiveCfg = Release|Any CPU
		{1F37F514-F513-4C9E-9EFE-B99BAF6FE8F9}.Ad-Hoc|iPhone.Build.0 = Release|Any CPU
		{1F37F514-F513-4C9E-9EFE-B99BAF6FE8F9}.Ad-Hoc|iPhone.Deploy.0 = Release|Any CPU
		{1F37F514-F513-4C9E-9EFE-B99BAF6FE8F9}.Ad-Hoc|iPhoneSimulator.ActiveCfg = Release|Any CPU
		{1F37F514-F513-4C9E-9EFE-B99BAF6FE8F9}.Ad-Hoc|iPhoneSimulator.Build.0 = Release|Any CPU
		{1F37F514-F513-4C9E-9EFE-B99BAF6FE8F9}.Ad-Hoc|iPhoneSimulator.Deploy.0 = Release|Any CPU
		{1F37F514-F513-4C9E-9EFE-B99BAF6FE8F9}.Ad-Hoc|x64.ActiveCfg = Release|Any CPU
		{1F37F514-F513-4C9E-9EFE-B99BAF6FE8F9}.Ad-Hoc|x64.Build.0 = Release|Any CPU
		{1F37F514-F513-4C9E-9EFE-B99BAF6FE8F9}.Ad-Hoc|x64.Deploy.0 = Release|Any CPU
		{1F37F514-F513-4C9E-9EFE-B99BAF6FE8F9}.Ad-Hoc|x86.ActiveCfg = Release|Any CPU
		{1F37F514-F513-4C9E-9EFE-B99BAF6FE8F9}.Ad-Hoc|x86.Build.0 = Release|Any CPU
		{1F37F514-F513-4C9E-9EFE-B99BAF6FE8F9}.Ad-Hoc|x86.Deploy.0 = Release|Any CPU
		{1F37F514-F513-4C9E-9EFE-B99BAF6FE8F9}.AppStore|Any CPU.ActiveCfg = Release|Any CPU
		{1F37F514-F513-4C9E-9EFE-B99BAF6FE8F9}.AppStore|Any CPU.Build.0 = Release|Any CPU
		{1F37F514-F513-4C9E-9EFE-B99BAF6FE8F9}.AppStore|Any CPU.Deploy.0 = Release|Any CPU
		{1F37F514-F513-4C9E-9EFE-B99BAF6FE8F9}.AppStore|ARM.ActiveCfg = Release|Any CPU
		{1F37F514-F513-4C9E-9EFE-B99BAF6FE8F9}.AppStore|ARM.Build.0 = Release|Any CPU
		{1F37F514-F513-4C9E-9EFE-B99BAF6FE8F9}.AppStore|ARM.Deploy.0 = Release|Any CPU
		{1F37F514-F513-4C9E-9EFE-B99BAF6FE8F9}.AppStore|iPhone.ActiveCfg = Release|Any CPU
		{1F37F514-F513-4C9E-9EFE-B99BAF6FE8F9}.AppStore|iPhone.Build.0 = Release|Any CPU
		{1F37F514-F513-4C9E-9EFE-B99BAF6FE8F9}.AppStore|iPhone.Deploy.0 = Release|Any CPU
		{1F37F514-F513-4C9E-9EFE-B99BAF6FE8F9}.AppStore|iPhoneSimulator.ActiveCfg = Release|Any CPU
		{1F37F514-F513-4C9E-9EFE-B99BAF6FE8F9}.AppStore|iPhoneSimulator.Build.0 = Release|Any CPU
		{1F37F514-F513-4C9E-9EFE-B99BAF6FE8F9}.AppStore|iPhoneSimulator.Deploy.0 = Release|Any CPU
		{1F37F514-F513-4C9E-9EFE-B99BAF6FE8F9}.AppStore|x64.ActiveCfg = Release|Any CPU
		{1F37F514-F513-4C9E-9EFE-B99BAF6FE8F9}.AppStore|x64.Build.0 = Release|Any CPU
		{1F37F514-F513-4C9E-9EFE-B99BAF6FE8F9}.AppStore|x64.Deploy.0 = Release|Any CPU
		{1F37F514-F513-4C9E-9EFE-B99BAF6FE8F9}.AppStore|x86.ActiveCfg = Release|Any CPU
		{1F37F514-F513-4C9E-9EFE-B99BAF6FE8F9}.AppStore|x86.Build.0 = Release|Any CPU
		{1F37F514-F513-4C9E-9EFE-B99BAF6FE8F9}.AppStore|x86.Deploy.0 = Release|Any CPU
		{1F37F514-F513-4C9E-9EFE-B99BAF6FE8F9}.Debug|Any CPU.ActiveCfg = Debug|Any CPU
		{1F37F514-F513-4C9E-9EFE-B99BAF6FE8F9}.Debug|Any CPU.Build.0 = Debug|Any CPU
		{1F37F514-F513-4C9E-9EFE-B99BAF6FE8F9}.Debug|Any CPU.Deploy.0 = Debug|Any CPU
		{1F37F514-F513-4C9E-9EFE-B99BAF6FE8F9}.Debug|ARM.ActiveCfg = Debug|Any CPU
		{1F37F514-F513-4C9E-9EFE-B99BAF6FE8F9}.Debug|ARM.Build.0 = Debug|Any CPU
		{1F37F514-F513-4C9E-9EFE-B99BAF6FE8F9}.Debug|ARM.Deploy.0 = Debug|Any CPU
		{1F37F514-F513-4C9E-9EFE-B99BAF6FE8F9}.Debug|iPhone.ActiveCfg = Debug|Any CPU
		{1F37F514-F513-4C9E-9EFE-B99BAF6FE8F9}.Debug|iPhone.Build.0 = Debug|Any CPU
		{1F37F514-F513-4C9E-9EFE-B99BAF6FE8F9}.Debug|iPhone.Deploy.0 = Debug|Any CPU
		{1F37F514-F513-4C9E-9EFE-B99BAF6FE8F9}.Debug|iPhoneSimulator.ActiveCfg = Debug|Any CPU
		{1F37F514-F513-4C9E-9EFE-B99BAF6FE8F9}.Debug|iPhoneSimulator.Build.0 = Debug|Any CPU
		{1F37F514-F513-4C9E-9EFE-B99BAF6FE8F9}.Debug|iPhoneSimulator.Deploy.0 = Debug|Any CPU
		{1F37F514-F513-4C9E-9EFE-B99BAF6FE8F9}.Debug|x64.ActiveCfg = Debug|Any CPU
		{1F37F514-F513-4C9E-9EFE-B99BAF6FE8F9}.Debug|x64.Build.0 = Debug|Any CPU
		{1F37F514-F513-4C9E-9EFE-B99BAF6FE8F9}.Debug|x64.Deploy.0 = Debug|Any CPU
		{1F37F514-F513-4C9E-9EFE-B99BAF6FE8F9}.Debug|x86.ActiveCfg = Debug|Any CPU
		{1F37F514-F513-4C9E-9EFE-B99BAF6FE8F9}.Debug|x86.Build.0 = Debug|Any CPU
		{1F37F514-F513-4C9E-9EFE-B99BAF6FE8F9}.Debug|x86.Deploy.0 = Debug|Any CPU
		{1F37F514-F513-4C9E-9EFE-B99BAF6FE8F9}.Release|Any CPU.ActiveCfg = Release|Any CPU
		{1F37F514-F513-4C9E-9EFE-B99BAF6FE8F9}.Release|Any CPU.Build.0 = Release|Any CPU
		{1F37F514-F513-4C9E-9EFE-B99BAF6FE8F9}.Release|Any CPU.Deploy.0 = Release|Any CPU
		{1F37F514-F513-4C9E-9EFE-B99BAF6FE8F9}.Release|ARM.ActiveCfg = Release|Any CPU
		{1F37F514-F513-4C9E-9EFE-B99BAF6FE8F9}.Release|ARM.Build.0 = Release|Any CPU
		{1F37F514-F513-4C9E-9EFE-B99BAF6FE8F9}.Release|ARM.Deploy.0 = Release|Any CPU
		{1F37F514-F513-4C9E-9EFE-B99BAF6FE8F9}.Release|iPhone.ActiveCfg = Release|Any CPU
		{1F37F514-F513-4C9E-9EFE-B99BAF6FE8F9}.Release|iPhone.Build.0 = Release|Any CPU
		{1F37F514-F513-4C9E-9EFE-B99BAF6FE8F9}.Release|iPhone.Deploy.0 = Release|Any CPU
		{1F37F514-F513-4C9E-9EFE-B99BAF6FE8F9}.Release|iPhoneSimulator.ActiveCfg = Release|Any CPU
		{1F37F514-F513-4C9E-9EFE-B99BAF6FE8F9}.Release|iPhoneSimulator.Build.0 = Release|Any CPU
		{1F37F514-F513-4C9E-9EFE-B99BAF6FE8F9}.Release|iPhoneSimulator.Deploy.0 = Release|Any CPU
		{1F37F514-F513-4C9E-9EFE-B99BAF6FE8F9}.Release|x64.ActiveCfg = Release|Any CPU
		{1F37F514-F513-4C9E-9EFE-B99BAF6FE8F9}.Release|x64.Build.0 = Release|Any CPU
		{1F37F514-F513-4C9E-9EFE-B99BAF6FE8F9}.Release|x64.Deploy.0 = Release|Any CPU
		{1F37F514-F513-4C9E-9EFE-B99BAF6FE8F9}.Release|x86.ActiveCfg = Release|Any CPU
		{1F37F514-F513-4C9E-9EFE-B99BAF6FE8F9}.Release|x86.Build.0 = Release|Any CPU
		{1F37F514-F513-4C9E-9EFE-B99BAF6FE8F9}.Release|x86.Deploy.0 = Release|Any CPU
		{7B116593-5362-4F28-BDE3-76390823C181}.Ad-Hoc|Any CPU.ActiveCfg = Release|Any CPU
		{7B116593-5362-4F28-BDE3-76390823C181}.Ad-Hoc|Any CPU.Build.0 = Release|Any CPU
		{7B116593-5362-4F28-BDE3-76390823C181}.Ad-Hoc|ARM.ActiveCfg = Release|Any CPU
		{7B116593-5362-4F28-BDE3-76390823C181}.Ad-Hoc|ARM.Build.0 = Release|Any CPU
		{7B116593-5362-4F28-BDE3-76390823C181}.Ad-Hoc|iPhone.ActiveCfg = Release|Any CPU
		{7B116593-5362-4F28-BDE3-76390823C181}.Ad-Hoc|iPhone.Build.0 = Release|Any CPU
		{7B116593-5362-4F28-BDE3-76390823C181}.Ad-Hoc|iPhoneSimulator.ActiveCfg = Release|Any CPU
		{7B116593-5362-4F28-BDE3-76390823C181}.Ad-Hoc|iPhoneSimulator.Build.0 = Release|Any CPU
		{7B116593-5362-4F28-BDE3-76390823C181}.Ad-Hoc|x64.ActiveCfg = Release|Any CPU
		{7B116593-5362-4F28-BDE3-76390823C181}.Ad-Hoc|x64.Build.0 = Release|Any CPU
		{7B116593-5362-4F28-BDE3-76390823C181}.Ad-Hoc|x86.ActiveCfg = Release|Any CPU
		{7B116593-5362-4F28-BDE3-76390823C181}.Ad-Hoc|x86.Build.0 = Release|Any CPU
		{7B116593-5362-4F28-BDE3-76390823C181}.AppStore|Any CPU.ActiveCfg = Release|Any CPU
		{7B116593-5362-4F28-BDE3-76390823C181}.AppStore|Any CPU.Build.0 = Release|Any CPU
		{7B116593-5362-4F28-BDE3-76390823C181}.AppStore|ARM.ActiveCfg = Release|Any CPU
		{7B116593-5362-4F28-BDE3-76390823C181}.AppStore|ARM.Build.0 = Release|Any CPU
		{7B116593-5362-4F28-BDE3-76390823C181}.AppStore|iPhone.ActiveCfg = Release|Any CPU
		{7B116593-5362-4F28-BDE3-76390823C181}.AppStore|iPhone.Build.0 = Release|Any CPU
		{7B116593-5362-4F28-BDE3-76390823C181}.AppStore|iPhoneSimulator.ActiveCfg = Release|Any CPU
		{7B116593-5362-4F28-BDE3-76390823C181}.AppStore|iPhoneSimulator.Build.0 = Release|Any CPU
		{7B116593-5362-4F28-BDE3-76390823C181}.AppStore|x64.ActiveCfg = Release|Any CPU
		{7B116593-5362-4F28-BDE3-76390823C181}.AppStore|x64.Build.0 = Release|Any CPU
		{7B116593-5362-4F28-BDE3-76390823C181}.AppStore|x86.ActiveCfg = Release|Any CPU
		{7B116593-5362-4F28-BDE3-76390823C181}.AppStore|x86.Build.0 = Release|Any CPU
		{7B116593-5362-4F28-BDE3-76390823C181}.Debug|Any CPU.ActiveCfg = Debug|Any CPU
		{7B116593-5362-4F28-BDE3-76390823C181}.Debug|Any CPU.Build.0 = Debug|Any CPU
		{7B116593-5362-4F28-BDE3-76390823C181}.Debug|ARM.ActiveCfg = Debug|Any CPU
		{7B116593-5362-4F28-BDE3-76390823C181}.Debug|ARM.Build.0 = Debug|Any CPU
		{7B116593-5362-4F28-BDE3-76390823C181}.Debug|iPhone.ActiveCfg = Debug|Any CPU
		{7B116593-5362-4F28-BDE3-76390823C181}.Debug|iPhone.Build.0 = Debug|Any CPU
		{7B116593-5362-4F28-BDE3-76390823C181}.Debug|iPhoneSimulator.ActiveCfg = Debug|Any CPU
		{7B116593-5362-4F28-BDE3-76390823C181}.Debug|iPhoneSimulator.Build.0 = Debug|Any CPU
		{7B116593-5362-4F28-BDE3-76390823C181}.Debug|x64.ActiveCfg = Debug|Any CPU
		{7B116593-5362-4F28-BDE3-76390823C181}.Debug|x64.Build.0 = Debug|Any CPU
		{7B116593-5362-4F28-BDE3-76390823C181}.Debug|x86.ActiveCfg = Debug|Any CPU
		{7B116593-5362-4F28-BDE3-76390823C181}.Debug|x86.Build.0 = Debug|Any CPU
		{7B116593-5362-4F28-BDE3-76390823C181}.Release|Any CPU.ActiveCfg = Release|Any CPU
		{7B116593-5362-4F28-BDE3-76390823C181}.Release|Any CPU.Build.0 = Release|Any CPU
		{7B116593-5362-4F28-BDE3-76390823C181}.Release|ARM.ActiveCfg = Release|Any CPU
		{7B116593-5362-4F28-BDE3-76390823C181}.Release|ARM.Build.0 = Release|Any CPU
		{7B116593-5362-4F28-BDE3-76390823C181}.Release|iPhone.ActiveCfg = Release|Any CPU
		{7B116593-5362-4F28-BDE3-76390823C181}.Release|iPhone.Build.0 = Release|Any CPU
		{7B116593-5362-4F28-BDE3-76390823C181}.Release|iPhoneSimulator.ActiveCfg = Release|Any CPU
		{7B116593-5362-4F28-BDE3-76390823C181}.Release|iPhoneSimulator.Build.0 = Release|Any CPU
		{7B116593-5362-4F28-BDE3-76390823C181}.Release|x64.ActiveCfg = Release|Any CPU
		{7B116593-5362-4F28-BDE3-76390823C181}.Release|x64.Build.0 = Release|Any CPU
		{7B116593-5362-4F28-BDE3-76390823C181}.Release|x86.ActiveCfg = Release|Any CPU
		{7B116593-5362-4F28-BDE3-76390823C181}.Release|x86.Build.0 = Release|Any CPU
		{27BE61AB-7E5F-484B-B567-733F32D1FFF3}.Ad-Hoc|Any CPU.ActiveCfg = Release|x86
		{27BE61AB-7E5F-484B-B567-733F32D1FFF3}.Ad-Hoc|Any CPU.Build.0 = Release|x86
		{27BE61AB-7E5F-484B-B567-733F32D1FFF3}.Ad-Hoc|Any CPU.Deploy.0 = Release|x86
		{27BE61AB-7E5F-484B-B567-733F32D1FFF3}.Ad-Hoc|ARM.ActiveCfg = Release|ARM
		{27BE61AB-7E5F-484B-B567-733F32D1FFF3}.Ad-Hoc|ARM.Build.0 = Release|ARM
		{27BE61AB-7E5F-484B-B567-733F32D1FFF3}.Ad-Hoc|ARM.Deploy.0 = Release|ARM
		{27BE61AB-7E5F-484B-B567-733F32D1FFF3}.Ad-Hoc|iPhone.ActiveCfg = Release|x86
		{27BE61AB-7E5F-484B-B567-733F32D1FFF3}.Ad-Hoc|iPhone.Build.0 = Release|x86
		{27BE61AB-7E5F-484B-B567-733F32D1FFF3}.Ad-Hoc|iPhone.Deploy.0 = Release|x86
		{27BE61AB-7E5F-484B-B567-733F32D1FFF3}.Ad-Hoc|iPhoneSimulator.ActiveCfg = Release|x86
		{27BE61AB-7E5F-484B-B567-733F32D1FFF3}.Ad-Hoc|iPhoneSimulator.Build.0 = Release|x86
		{27BE61AB-7E5F-484B-B567-733F32D1FFF3}.Ad-Hoc|iPhoneSimulator.Deploy.0 = Release|x86
		{27BE61AB-7E5F-484B-B567-733F32D1FFF3}.Ad-Hoc|x64.ActiveCfg = Release|x64
		{27BE61AB-7E5F-484B-B567-733F32D1FFF3}.Ad-Hoc|x64.Build.0 = Release|x64
		{27BE61AB-7E5F-484B-B567-733F32D1FFF3}.Ad-Hoc|x64.Deploy.0 = Release|x64
		{27BE61AB-7E5F-484B-B567-733F32D1FFF3}.Ad-Hoc|x86.ActiveCfg = Release|x86
		{27BE61AB-7E5F-484B-B567-733F32D1FFF3}.Ad-Hoc|x86.Build.0 = Release|x86
		{27BE61AB-7E5F-484B-B567-733F32D1FFF3}.Ad-Hoc|x86.Deploy.0 = Release|x86
		{27BE61AB-7E5F-484B-B567-733F32D1FFF3}.AppStore|Any CPU.ActiveCfg = Release|x86
		{27BE61AB-7E5F-484B-B567-733F32D1FFF3}.AppStore|Any CPU.Build.0 = Release|x86
		{27BE61AB-7E5F-484B-B567-733F32D1FFF3}.AppStore|Any CPU.Deploy.0 = Release|x86
		{27BE61AB-7E5F-484B-B567-733F32D1FFF3}.AppStore|ARM.ActiveCfg = Release|ARM
		{27BE61AB-7E5F-484B-B567-733F32D1FFF3}.AppStore|ARM.Build.0 = Release|ARM
		{27BE61AB-7E5F-484B-B567-733F32D1FFF3}.AppStore|ARM.Deploy.0 = Release|ARM
		{27BE61AB-7E5F-484B-B567-733F32D1FFF3}.AppStore|iPhone.ActiveCfg = Release|x86
		{27BE61AB-7E5F-484B-B567-733F32D1FFF3}.AppStore|iPhone.Build.0 = Release|x86
		{27BE61AB-7E5F-484B-B567-733F32D1FFF3}.AppStore|iPhone.Deploy.0 = Release|x86
		{27BE61AB-7E5F-484B-B567-733F32D1FFF3}.AppStore|iPhoneSimulator.ActiveCfg = Release|x86
		{27BE61AB-7E5F-484B-B567-733F32D1FFF3}.AppStore|iPhoneSimulator.Build.0 = Release|x86
		{27BE61AB-7E5F-484B-B567-733F32D1FFF3}.AppStore|iPhoneSimulator.Deploy.0 = Release|x86
		{27BE61AB-7E5F-484B-B567-733F32D1FFF3}.AppStore|x64.ActiveCfg = Release|x64
		{27BE61AB-7E5F-484B-B567-733F32D1FFF3}.AppStore|x64.Build.0 = Release|x64
		{27BE61AB-7E5F-484B-B567-733F32D1FFF3}.AppStore|x64.Deploy.0 = Release|x64
		{27BE61AB-7E5F-484B-B567-733F32D1FFF3}.AppStore|x86.ActiveCfg = Release|x86
		{27BE61AB-7E5F-484B-B567-733F32D1FFF3}.AppStore|x86.Build.0 = Release|x86
		{27BE61AB-7E5F-484B-B567-733F32D1FFF3}.AppStore|x86.Deploy.0 = Release|x86
		{27BE61AB-7E5F-484B-B567-733F32D1FFF3}.Debug|Any CPU.ActiveCfg = Debug|x86
		{27BE61AB-7E5F-484B-B567-733F32D1FFF3}.Debug|ARM.ActiveCfg = Debug|ARM
		{27BE61AB-7E5F-484B-B567-733F32D1FFF3}.Debug|ARM.Build.0 = Debug|ARM
		{27BE61AB-7E5F-484B-B567-733F32D1FFF3}.Debug|ARM.Deploy.0 = Debug|ARM
		{27BE61AB-7E5F-484B-B567-733F32D1FFF3}.Debug|iPhone.ActiveCfg = Debug|x86
		{27BE61AB-7E5F-484B-B567-733F32D1FFF3}.Debug|iPhoneSimulator.ActiveCfg = Debug|x86
		{27BE61AB-7E5F-484B-B567-733F32D1FFF3}.Debug|x64.ActiveCfg = Debug|x64
		{27BE61AB-7E5F-484B-B567-733F32D1FFF3}.Debug|x64.Build.0 = Debug|x64
		{27BE61AB-7E5F-484B-B567-733F32D1FFF3}.Debug|x64.Deploy.0 = Debug|x64
		{27BE61AB-7E5F-484B-B567-733F32D1FFF3}.Debug|x86.ActiveCfg = Debug|x86
		{27BE61AB-7E5F-484B-B567-733F32D1FFF3}.Debug|x86.Build.0 = Debug|x86
		{27BE61AB-7E5F-484B-B567-733F32D1FFF3}.Debug|x86.Deploy.0 = Debug|x86
		{27BE61AB-7E5F-484B-B567-733F32D1FFF3}.Release|Any CPU.ActiveCfg = Release|x86
		{27BE61AB-7E5F-484B-B567-733F32D1FFF3}.Release|ARM.ActiveCfg = Release|ARM
		{27BE61AB-7E5F-484B-B567-733F32D1FFF3}.Release|ARM.Build.0 = Release|ARM
		{27BE61AB-7E5F-484B-B567-733F32D1FFF3}.Release|ARM.Deploy.0 = Release|ARM
		{27BE61AB-7E5F-484B-B567-733F32D1FFF3}.Release|iPhone.ActiveCfg = Release|x86
		{27BE61AB-7E5F-484B-B567-733F32D1FFF3}.Release|iPhoneSimulator.ActiveCfg = Release|x86
		{27BE61AB-7E5F-484B-B567-733F32D1FFF3}.Release|x64.ActiveCfg = Release|x64
		{27BE61AB-7E5F-484B-B567-733F32D1FFF3}.Release|x64.Build.0 = Release|x64
		{27BE61AB-7E5F-484B-B567-733F32D1FFF3}.Release|x64.Deploy.0 = Release|x64
		{27BE61AB-7E5F-484B-B567-733F32D1FFF3}.Release|x86.ActiveCfg = Release|x86
		{27BE61AB-7E5F-484B-B567-733F32D1FFF3}.Release|x86.Build.0 = Release|x86
		{27BE61AB-7E5F-484B-B567-733F32D1FFF3}.Release|x86.Deploy.0 = Release|x86
		{4E70760F-3A48-47F8-8CE8-2F61B66901DE}.Ad-Hoc|Any CPU.ActiveCfg = Ad-Hoc|iPhoneSimulator
		{4E70760F-3A48-47F8-8CE8-2F61B66901DE}.Ad-Hoc|ARM.ActiveCfg = Ad-Hoc|iPhone
		{4E70760F-3A48-47F8-8CE8-2F61B66901DE}.Ad-Hoc|iPhone.ActiveCfg = Ad-Hoc|iPhone
		{4E70760F-3A48-47F8-8CE8-2F61B66901DE}.Ad-Hoc|iPhone.Build.0 = Ad-Hoc|iPhone
		{4E70760F-3A48-47F8-8CE8-2F61B66901DE}.Ad-Hoc|iPhoneSimulator.ActiveCfg = Ad-Hoc|iPhoneSimulator
		{4E70760F-3A48-47F8-8CE8-2F61B66901DE}.Ad-Hoc|iPhoneSimulator.Build.0 = Ad-Hoc|iPhoneSimulator
		{4E70760F-3A48-47F8-8CE8-2F61B66901DE}.Ad-Hoc|x64.ActiveCfg = Ad-Hoc|iPhone
		{4E70760F-3A48-47F8-8CE8-2F61B66901DE}.Ad-Hoc|x86.ActiveCfg = Ad-Hoc|iPhone
		{4E70760F-3A48-47F8-8CE8-2F61B66901DE}.AppStore|Any CPU.ActiveCfg = AppStore|iPhoneSimulator
		{4E70760F-3A48-47F8-8CE8-2F61B66901DE}.AppStore|ARM.ActiveCfg = AppStore|iPhone
		{4E70760F-3A48-47F8-8CE8-2F61B66901DE}.AppStore|iPhone.ActiveCfg = AppStore|iPhone
		{4E70760F-3A48-47F8-8CE8-2F61B66901DE}.AppStore|iPhone.Build.0 = AppStore|iPhone
		{4E70760F-3A48-47F8-8CE8-2F61B66901DE}.AppStore|iPhoneSimulator.ActiveCfg = AppStore|iPhoneSimulator
		{4E70760F-3A48-47F8-8CE8-2F61B66901DE}.AppStore|iPhoneSimulator.Build.0 = AppStore|iPhoneSimulator
		{4E70760F-3A48-47F8-8CE8-2F61B66901DE}.AppStore|x64.ActiveCfg = AppStore|iPhone
		{4E70760F-3A48-47F8-8CE8-2F61B66901DE}.AppStore|x86.ActiveCfg = AppStore|iPhone
		{4E70760F-3A48-47F8-8CE8-2F61B66901DE}.Debug|Any CPU.ActiveCfg = Debug|iPhoneSimulator
		{4E70760F-3A48-47F8-8CE8-2F61B66901DE}.Debug|ARM.ActiveCfg = Debug|iPhone
		{4E70760F-3A48-47F8-8CE8-2F61B66901DE}.Debug|iPhone.ActiveCfg = Debug|iPhone
		{4E70760F-3A48-47F8-8CE8-2F61B66901DE}.Debug|iPhone.Build.0 = Debug|iPhone
		{4E70760F-3A48-47F8-8CE8-2F61B66901DE}.Debug|iPhoneSimulator.ActiveCfg = Debug|iPhoneSimulator
		{4E70760F-3A48-47F8-8CE8-2F61B66901DE}.Debug|iPhoneSimulator.Build.0 = Debug|iPhoneSimulator
		{4E70760F-3A48-47F8-8CE8-2F61B66901DE}.Debug|x64.ActiveCfg = Debug|iPhone
		{4E70760F-3A48-47F8-8CE8-2F61B66901DE}.Debug|x86.ActiveCfg = Debug|iPhone
		{4E70760F-3A48-47F8-8CE8-2F61B66901DE}.Release|Any CPU.ActiveCfg = Release|iPhoneSimulator
		{4E70760F-3A48-47F8-8CE8-2F61B66901DE}.Release|ARM.ActiveCfg = Release|iPhone
		{4E70760F-3A48-47F8-8CE8-2F61B66901DE}.Release|iPhone.ActiveCfg = Release|iPhone
		{4E70760F-3A48-47F8-8CE8-2F61B66901DE}.Release|iPhone.Build.0 = Release|iPhone
		{4E70760F-3A48-47F8-8CE8-2F61B66901DE}.Release|iPhoneSimulator.ActiveCfg = Release|iPhoneSimulator
		{4E70760F-3A48-47F8-8CE8-2F61B66901DE}.Release|iPhoneSimulator.Build.0 = Release|iPhoneSimulator
		{4E70760F-3A48-47F8-8CE8-2F61B66901DE}.Release|x64.ActiveCfg = Release|iPhone
		{4E70760F-3A48-47F8-8CE8-2F61B66901DE}.Release|x86.ActiveCfg = Release|iPhone
	EndGlobalSection
	GlobalSection(SolutionProperties) = preSolution
		HideSolutionNode = FALSE
	EndGlobalSection
	GlobalSection(ExtensibilityGlobals) = postSolution
		SolutionGuid = {A1A5E446-91BA-42A6-AC0D-EFCF6E12DE56}
	EndGlobalSection
EndGlobal
